{
  "name": "ui",
  "version": "1.0.0",
  "lockfileVersion": 3,
  "requires": true,
  "packages": {
    "": {
      "name": "ui",
      "version": "1.0.0",
      "dependencies": {
        "react": "^19.1.0",
        "react-dom": "^19.1.0"
      },
      "devDependencies": {
        "@rsbuild/core": "^1.4.3",
        "@rsbuild/plugin-react": "^1.3.3",
        "@types/react": "^19.1.8",
        "@types/react-dom": "^19.1.6",
        "typescript": "^5.8.3"
      }
    },
    "node_modules/@emnapi/core": {
      "version": "1.4.5",
      "resolved": "https://registry.npmjs.org/@emnapi/core/-/core-1.4.5.tgz",
      "integrity": "sha512-XsLw1dEOpkSX/WucdqUhPWP7hDxSvZiY+fsUC14h+FtQ2Ifni4znbBt8punRX+Uj2JG/uDb8nEHVKvrVlvdZ5Q==",
      "dev": true,
      "license": "MIT",
      "optional": true,
      "dependencies": {
        "@emnapi/wasi-threads": "1.0.4",
        "tslib": "^2.4.0"
      }
    },
    "node_modules/@emnapi/runtime": {
      "version": "1.4.5",
      "resolved": "https://registry.npmjs.org/@emnapi/runtime/-/runtime-1.4.5.tgz",
      "integrity": "sha512-++LApOtY0pEEz1zrd9vy1/zXVaVJJ/EbAF3u0fXIzPJEDtnITsBGbbK0EkM72amhl/R5b+5xx0Y/QhcVOpuulg==",
      "dev": true,
      "license": "MIT",
      "optional": true,
      "dependencies": {
        "tslib": "^2.4.0"
      }
    },
    "node_modules/@emnapi/wasi-threads": {
      "version": "1.0.4",
      "resolved": "https://registry.npmjs.org/@emnapi/wasi-threads/-/wasi-threads-1.0.4.tgz",
      "integrity": "sha512-PJR+bOmMOPH8AtcTGAyYNiuJ3/Fcoj2XN/gBEWzDIKh254XO+mM9XoXHk5GNEhodxeMznbg7BlRojVbKN+gC6g==",
      "dev": true,
      "license": "MIT",
      "optional": true,
      "dependencies": {
        "tslib": "^2.4.0"
      }
    },
    "node_modules/@module-federation/error-codes": {
      "version": "0.16.0",
      "resolved": "https://registry.npmjs.org/@module-federation/error-codes/-/error-codes-0.16.0.tgz",
      "integrity": "sha512-TfmA45b8vvISniGudMg8jjIy1q3tLPon0QN/JdFp5f8AJ8/peICN5b+dkEQnWsAVg2fEusYhk9dO7z3nUeJM8A==",
      "dev": true,
      "license": "MIT"
    },
    "node_modules/@module-federation/runtime": {
      "version": "0.16.0",
      "resolved": "https://registry.npmjs.org/@module-federation/runtime/-/runtime-0.16.0.tgz",
      "integrity": "sha512-6o84WI8Qhc9O3HwPLx89kTvOSkyUOHQr73R/zr0I04sYhlMJgw5xTwXeGE7bQAmNgbJclzW9Kh7JTP7+3o3CHg==",
      "dev": true,
      "license": "MIT",
      "dependencies": {
        "@module-federation/error-codes": "0.16.0",
        "@module-federation/runtime-core": "0.16.0",
        "@module-federation/sdk": "0.16.0"
      }
    },
    "node_modules/@module-federation/runtime-core": {
      "version": "0.16.0",
      "resolved": "https://registry.npmjs.org/@module-federation/runtime-core/-/runtime-core-0.16.0.tgz",
      "integrity": "sha512-5SECQowG4hlUVBRk/y6bnYLfxbsl5NcMmqn043WPe7NDOhGQWbTuYibJ3Bk+ZBv5U4uYLEmXipBGDc1FKsHklQ==",
      "dev": true,
      "license": "MIT",
      "dependencies": {
        "@module-federation/error-codes": "0.16.0",
        "@module-federation/sdk": "0.16.0"
      }
    },
    "node_modules/@module-federation/runtime-tools": {
      "version": "0.16.0",
      "resolved": "https://registry.npmjs.org/@module-federation/runtime-tools/-/runtime-tools-0.16.0.tgz",
      "integrity": "sha512-OzmXNluXBQ2E6znzX4m9CJt1MFHVGmbN8c8MSKcYIDcLzLSKBQAiaz9ZUMhkyWx2YrPgD134glyPEqJrc+fY8A==",
      "dev": true,
      "license": "MIT",
      "dependencies": {
        "@module-federation/runtime": "0.16.0",
        "@module-federation/webpack-bundler-runtime": "0.16.0"
      }
    },
    "node_modules/@module-federation/sdk": {
      "version": "0.16.0",
      "resolved": "https://registry.npmjs.org/@module-federation/sdk/-/sdk-0.16.0.tgz",
      "integrity": "sha512-UXJW1WWuDoDmScX0tpISjl4xIRPzAiN62vg9etuBdAEUM+ja9rz/zwNZaByiUPFS2aqlj2RHenCRvIapE8mYEg==",
      "dev": true,
      "license": "MIT"
    },
    "node_modules/@module-federation/webpack-bundler-runtime": {
      "version": "0.16.0",
      "resolved": "https://registry.npmjs.org/@module-federation/webpack-bundler-runtime/-/webpack-bundler-runtime-0.16.0.tgz",
      "integrity": "sha512-yqIDQTelJZP0Rxml0OXv4Er8Kbdxy7NFh6PCzPwDFWI1SkiokJ3uXQJBvtlxZ3lOnCDYOzdHstqa8sJG4JP02Q==",
      "dev": true,
      "license": "MIT",
      "dependencies": {
        "@module-federation/runtime": "0.16.0",
        "@module-federation/sdk": "0.16.0"
      }
    },
    "node_modules/@napi-rs/wasm-runtime": {
      "version": "0.2.12",
      "resolved": "https://registry.npmjs.org/@napi-rs/wasm-runtime/-/wasm-runtime-0.2.12.tgz",
      "integrity": "sha512-ZVWUcfwY4E/yPitQJl481FjFo3K22D6qF0DuFH6Y/nbnE11GY5uguDxZMGXPQ8WQ0128MXQD7TnfHyK4oWoIJQ==",
      "dev": true,
      "license": "MIT",
      "optional": true,
      "dependencies": {
        "@emnapi/core": "^1.4.3",
        "@emnapi/runtime": "^1.4.3",
        "@tybys/wasm-util": "^0.10.0"
      }
    },
    "node_modules/@rsbuild/core": {
      "version": "1.4.8",
      "resolved": "https://registry.npmjs.org/@rsbuild/core/-/core-1.4.8.tgz",
      "integrity": "sha512-IJhpLl8lrp5ynlf04V5l7rMrVTNuGLG36ZDadHiBIC5qLRGSS3rMF8cVLSkSA6qM1OiRlPpMgwQbqFYh325RvQ==",
      "dev": true,
      "license": "MIT",
      "dependencies": {
        "@rspack/core": "1.4.8",
        "@rspack/lite-tapable": "~1.0.1",
        "@swc/helpers": "^0.5.17",
        "core-js": "~3.44.0",
        "jiti": "^2.4.2"
      },
      "bin": {
        "rsbuild": "bin/rsbuild.js"
      },
      "engines": {
        "node": ">=16.10.0"
      }
    },
    "node_modules/@rsbuild/plugin-react": {
      "version": "1.3.4",
      "resolved": "https://registry.npmjs.org/@rsbuild/plugin-react/-/plugin-react-1.3.4.tgz",
      "integrity": "sha512-PeLmPkUUm+t2cBGBe1WHhw1NNPHDFnKiXnRUGM5WSSlSZWfSi96RbeLqrm+gH6TaefdyvmLvurJu+7tSSUrQjQ==",
      "dev": true,
      "license": "MIT",
      "dependencies": {
        "@rspack/plugin-react-refresh": "~1.4.3",
        "react-refresh": "^0.17.0"
      },
      "peerDependencies": {
        "@rsbuild/core": "1.x"
      }
    },
    "node_modules/@rspack/binding": {
      "version": "1.4.8",
      "resolved": "https://registry.npmjs.org/@rspack/binding/-/binding-1.4.8.tgz",
      "integrity": "sha512-VKE+2InUdudBUOn3xMZfK9a6KlOwmSifA0Nupjsh7N9/brcBfJtJGSDCnfrIKCq54FF+QAUCgcNAS0DB4/tZmw==",
      "dev": true,
      "license": "MIT",
      "optionalDependencies": {
        "@rspack/binding-darwin-arm64": "1.4.8",
        "@rspack/binding-darwin-x64": "1.4.8",
        "@rspack/binding-linux-arm64-gnu": "1.4.8",
        "@rspack/binding-linux-arm64-musl": "1.4.8",
        "@rspack/binding-linux-x64-gnu": "1.4.8",
        "@rspack/binding-linux-x64-musl": "1.4.8",
        "@rspack/binding-wasm32-wasi": "1.4.8",
        "@rspack/binding-win32-arm64-msvc": "1.4.8",
        "@rspack/binding-win32-ia32-msvc": "1.4.8",
        "@rspack/binding-win32-x64-msvc": "1.4.8"
      }
    },
    "node_modules/@rspack/binding-darwin-arm64": {
      "version": "1.4.8",
      "resolved": "https://registry.npmjs.org/@rspack/binding-darwin-arm64/-/binding-darwin-arm64-1.4.8.tgz",
      "integrity": "sha512-PQRNjC3Fc0avpx8Gk+sT5P+HAXxTSzmBA8lU7QLlmbW5GGXO2taVhNstbZ4oxyIX5uDVZpQ2yQ2E0zXirK6/UQ==",
      "cpu": [
        "arm64"
      ],
      "dev": true,
      "license": "MIT",
      "optional": true,
      "os": [
        "darwin"
      ]
    },
    "node_modules/@rspack/binding-darwin-x64": {
      "version": "1.4.8",
      "resolved": "https://registry.npmjs.org/@rspack/binding-darwin-x64/-/binding-darwin-x64-1.4.8.tgz",
      "integrity": "sha512-ZnPZbo1dhhbfevxSS99y8w02xuEbxyiV1HaUie/S8jzy9DPmk+4Br+DddufnibPNU85e3BZKjp+HDFMYkdn6cg==",
      "cpu": [
        "x64"
      ],
      "dev": true,
      "license": "MIT",
      "optional": true,
      "os": [
        "darwin"
      ]
    },
    "node_modules/@rspack/binding-linux-arm64-gnu": {
      "version": "1.4.8",
      "resolved": "https://registry.npmjs.org/@rspack/binding-linux-arm64-gnu/-/binding-linux-arm64-gnu-1.4.8.tgz",
      "integrity": "sha512-mJK9diM4Gd8RIGO90AZnl27WwUuAOoRplPQv9G+Vxu2baCt1xE1ccf8PntIJ70/rMgsUdnmkR5qQBaGxhAMJvA==",
      "cpu": [
        "arm64"
      ],
      "dev": true,
      "license": "MIT",
      "optional": true,
      "os": [
        "linux"
      ]
    },
    "node_modules/@rspack/binding-linux-arm64-musl": {
      "version": "1.4.8",
      "resolved": "https://registry.npmjs.org/@rspack/binding-linux-arm64-musl/-/binding-linux-arm64-musl-1.4.8.tgz",
      "integrity": "sha512-+n9QxeDDZKwVB4D6cwpNRJzsCeuwNqd/fwwbMQVTctJ+GhIHlUPsE8y5tXN7euU7kDci81wMBBFlt6LtXNcssA==",
      "cpu": [
        "arm64"
      ],
      "dev": true,
      "license": "MIT",
      "optional": true,
      "os": [
        "linux"
      ]
    },
    "node_modules/@rspack/binding-linux-x64-gnu": {
      "version": "1.4.8",
      "resolved": "https://registry.npmjs.org/@rspack/binding-linux-x64-gnu/-/binding-linux-x64-gnu-1.4.8.tgz",
      "integrity": "sha512-rEypDlbIfv9B/DcZ2vYVWs56wo5VWE5oj/TvM9JT+xuqwvVWsN/A2TPMiU6QBgOKGXat3EM/MEgx8NhNZUpkXg==",
      "cpu": [
        "x64"
      ],
      "dev": true,
      "license": "MIT",
      "optional": true,
      "os": [
        "linux"
      ]
    },
    "node_modules/@rspack/binding-linux-x64-musl": {
      "version": "1.4.8",
      "resolved": "https://registry.npmjs.org/@rspack/binding-linux-x64-musl/-/binding-linux-x64-musl-1.4.8.tgz",
      "integrity": "sha512-o9OsvJ7olH0JPU9exyIaYTNQ+aaR5CNAiinkxr+LkV2i3DMIi/+pDVveDiodYjVhzZjWfsP/z8QPO4c6Z06bEw==",
      "cpu": [
        "x64"
      ],
      "dev": true,
      "license": "MIT",
      "optional": true,
      "os": [
        "linux"
      ]
    },
    "node_modules/@rspack/binding-wasm32-wasi": {
      "version": "1.4.8",
      "resolved": "https://registry.npmjs.org/@rspack/binding-wasm32-wasi/-/binding-wasm32-wasi-1.4.8.tgz",
      "integrity": "sha512-hF5gqT0aQ66VUclM2A9MSB6zVdEJqzp++TAXaShBK/eVBI0R4vWrMfJ2TOdzEsSbg4gXgeG4swURpHva3PKbcA==",
      "cpu": [
        "wasm32"
      ],
      "dev": true,
      "license": "MIT",
      "optional": true,
      "dependencies": {
        "@napi-rs/wasm-runtime": "^0.2.12"
      }
    },
    "node_modules/@rspack/binding-win32-arm64-msvc": {
      "version": "1.4.8",
      "resolved": "https://registry.npmjs.org/@rspack/binding-win32-arm64-msvc/-/binding-win32-arm64-msvc-1.4.8.tgz",
      "integrity": "sha512-umD0XzesJq4nnStv9/2/VOmzNUWHfLMIjeHmiHYHpc7iVC0SkXgIdc6Ac7c+g2q7/V3/MFxL66Y60oy7lQE3fg==",
      "cpu": [
        "arm64"
      ],
      "dev": true,
      "license": "MIT",
      "optional": true,
      "os": [
        "win32"
      ]
    },
    "node_modules/@rspack/binding-win32-ia32-msvc": {
      "version": "1.4.8",
      "resolved": "https://registry.npmjs.org/@rspack/binding-win32-ia32-msvc/-/binding-win32-ia32-msvc-1.4.8.tgz",
      "integrity": "sha512-Uu+F/sxz7GgIMbuCCZVOD1HPjoHQdyrFHi/TE2EmuZzs9Ji9a9mtNJNrKc8+h9YFpaLeade7cbMDjRu4MHxiVA==",
      "cpu": [
        "ia32"
      ],
      "dev": true,
      "license": "MIT",
      "optional": true,
      "os": [
        "win32"
      ]
    },
    "node_modules/@rspack/binding-win32-x64-msvc": {
      "version": "1.4.8",
      "resolved": "https://registry.npmjs.org/@rspack/binding-win32-x64-msvc/-/binding-win32-x64-msvc-1.4.8.tgz",
      "integrity": "sha512-BVkOfJDZnexHNpGgc/sWENyGrsle1jUQTeUEdSyNYsu4Elsgk/T9gnGK8xyLRd2c6k20M5FN38t0TumCp4DscQ==",
      "cpu": [
        "x64"
      ],
      "dev": true,
      "license": "MIT",
      "optional": true,
      "os": [
        "win32"
      ]
    },
    "node_modules/@rspack/core": {
      "version": "1.4.8",
      "resolved": "https://registry.npmjs.org/@rspack/core/-/core-1.4.8.tgz",
      "integrity": "sha512-ARHuZ+gx3P//RIUKSjk/riQUn/D5tCwCWbfgeM5pk/Ti2JsgVnqiP9Sksge8JovVPf7b6Zgw73Cq5FpX4aOXeQ==",
      "dev": true,
      "license": "MIT",
      "dependencies": {
        "@module-federation/runtime-tools": "0.16.0",
        "@rspack/binding": "1.4.8",
        "@rspack/lite-tapable": "1.0.1"
      },
      "engines": {
        "node": ">=16.0.0"
      },
      "peerDependencies": {
        "@swc/helpers": ">=0.5.1"
      },
      "peerDependenciesMeta": {
        "@swc/helpers": {
          "optional": true
        }
      }
    },
    "node_modules/@rspack/lite-tapable": {
      "version": "1.0.1",
      "resolved": "https://registry.npmjs.org/@rspack/lite-tapable/-/lite-tapable-1.0.1.tgz",
      "integrity": "sha512-VynGOEsVw2s8TAlLf/uESfrgfrq2+rcXB1muPJYBWbsm1Oa6r5qVQhjA5ggM6z/coYPrsVMgovl3Ff7Q7OCp1w==",
      "dev": true,
      "license": "MIT",
      "engines": {
        "node": ">=16.0.0"
      }
    },
    "node_modules/@rspack/plugin-react-refresh": {
      "version": "1.4.3",
      "resolved": "https://registry.npmjs.org/@rspack/plugin-react-refresh/-/plugin-react-refresh-1.4.3.tgz",
      "integrity": "sha512-wZx4vWgy5oMEvgyNGd/oUKcdnKaccYWHCRkOqTdAPJC3WcytxhTX+Kady8ERurSBiLyQpoMiU3Iyd+F1Y2Arbw==",
      "dev": true,
      "license": "MIT",
      "dependencies": {
        "error-stack-parser": "^2.1.4",
        "html-entities": "^2.6.0"
      },
      "peerDependencies": {
        "react-refresh": ">=0.10.0 <1.0.0",
        "webpack-hot-middleware": "2.x"
      },
      "peerDependenciesMeta": {
        "webpack-hot-middleware": {
          "optional": true
        }
      }
    },
    "node_modules/@swc/helpers": {
      "version": "0.5.17",
      "resolved": "https://registry.npmjs.org/@swc/helpers/-/helpers-0.5.17.tgz",
      "integrity": "sha512-5IKx/Y13RsYd+sauPb2x+U/xZikHjolzfuDgTAl/Tdf3Q8rslRvC19NKDLgAJQ6wsqADk10ntlv08nPFw/gO/A==",
      "dev": true,
      "license": "Apache-2.0",
      "dependencies": {
        "tslib": "^2.8.0"
      }
    },
    "node_modules/@tybys/wasm-util": {
      "version": "0.10.0",
      "resolved": "https://registry.npmjs.org/@tybys/wasm-util/-/wasm-util-0.10.0.tgz",
      "integrity": "sha512-VyyPYFlOMNylG45GoAe0xDoLwWuowvf92F9kySqzYh8vmYm7D2u4iUJKa1tOUpS70Ku13ASrOkS4ScXFsTaCNQ==",
      "dev": true,
      "license": "MIT",
      "optional": true,
      "dependencies": {
        "tslib": "^2.4.0"
      }
    },
    "node_modules/@types/react": {
      "version": "19.1.8",
      "resolved": "https://registry.npmjs.org/@types/react/-/react-19.1.8.tgz",
      "integrity": "sha512-AwAfQ2Wa5bCx9WP8nZL2uMZWod7J7/JSplxbTmBQ5ms6QpqNYm672H0Vu9ZVKVngQ+ii4R/byguVEUZQyeg44g==",
      "dev": true,
      "license": "MIT",
      "dependencies": {
        "csstype": "^3.0.2"
      }
    },
    "node_modules/@types/react-dom": {
      "version": "19.1.6",
      "resolved": "https://registry.npmjs.org/@types/react-dom/-/react-dom-19.1.6.tgz",
      "integrity": "sha512-4hOiT/dwO8Ko0gV1m/TJZYk3y0KBnY9vzDh7W+DH17b2HFSOGgdj33dhihPeuy3l0q23+4e+hoXHV6hCC4dCXw==",
      "dev": true,
      "license": "MIT",
      "peerDependencies": {
        "@types/react": "^19.0.0"
      }
    },
    "node_modules/core-js": {
      "version": "3.44.0",
      "resolved": "https://registry.npmjs.org/core-js/-/core-js-3.44.0.tgz",
      "integrity": "sha512-aFCtd4l6GvAXwVEh3XbbVqJGHDJt0OZRa+5ePGx3LLwi12WfexqQxcsohb2wgsa/92xtl19Hd66G/L+TaAxDMw==",
      "dev": true,
      "hasInstallScript": true,
      "license": "MIT",
      "funding": {
        "type": "opencollective",
        "url": "https://opencollective.com/core-js"
      }
    },
    "node_modules/csstype": {
      "version": "3.1.3",
      "resolved": "https://registry.npmjs.org/csstype/-/csstype-3.1.3.tgz",
      "integrity": "sha512-M1uQkMl8rQK/szD0LNhtqxIPLpimGm8sOBwU7lLnCpSbTyY3yeU1Vc7l4KT5zT4s/yOxHH5O7tIuuLOCnLADRw==",
      "dev": true,
      "license": "MIT"
    },
    "node_modules/error-stack-parser": {
      "version": "2.1.4",
      "resolved": "https://registry.npmjs.org/error-stack-parser/-/error-stack-parser-2.1.4.tgz",
      "integrity": "sha512-Sk5V6wVazPhq5MhpO+AUxJn5x7XSXGl1R93Vn7i+zS15KDVxQijejNCrz8340/2bgLBjR9GtEG8ZVKONDjcqGQ==",
      "dev": true,
      "license": "MIT",
      "dependencies": {
        "stackframe": "^1.3.4"
      }
    },
    "node_modules/html-entities": {
      "version": "2.6.0",
      "resolved": "https://registry.npmjs.org/html-entities/-/html-entities-2.6.0.tgz",
      "integrity": "sha512-kig+rMn/QOVRvr7c86gQ8lWXq+Hkv6CbAH1hLu+RG338StTpE8Z0b44SDVaqVu7HGKf27frdmUYEs9hTUX/cLQ==",
      "dev": true,
      "funding": [
        {
          "type": "github",
          "url": "https://github.com/sponsors/mdevils"
        },
        {
          "type": "patreon",
          "url": "https://patreon.com/mdevils"
        }
      ],
      "license": "MIT"
    },
    "node_modules/jiti": {
      "version": "2.4.2",
      "resolved": "https://registry.npmjs.org/jiti/-/jiti-2.4.2.tgz",
      "integrity": "sha512-rg9zJN+G4n2nfJl5MW3BMygZX56zKPNVEYYqq7adpmMh4Jn2QNEwhvQlFy6jPVdcod7txZtKHWnyZiA3a0zP7A==",
      "dev": true,
      "license": "MIT",
      "bin": {
        "jiti": "lib/jiti-cli.mjs"
      }
    },
    "node_modules/react": {
      "version": "19.1.0",
      "resolved": "https://registry.npmjs.org/react/-/react-19.1.0.tgz",
      "integrity": "sha512-FS+XFBNvn3GTAWq26joslQgWNoFu08F4kl0J4CgdNKADkdSGXQyTCnKteIAJy96Br6YbpEU1LSzV5dYtjMkMDg==",
      "license": "MIT",
      "engines": {
        "node": ">=0.10.0"
      }
    },
    "node_modules/react-dom": {
      "version": "19.1.0",
      "resolved": "https://registry.npmjs.org/react-dom/-/react-dom-19.1.0.tgz",
      "integrity": "sha512-Xs1hdnE+DyKgeHJeJznQmYMIBG3TKIHJJT95Q58nHLSrElKlGQqDTR2HQ9fx5CN/Gk6Vh/kupBTDLU11/nDk/g==",
      "license": "MIT",
      "dependencies": {
        "scheduler": "^0.26.0"
      },
      "peerDependencies": {
        "react": "^19.1.0"
      }
    },
    "node_modules/react-refresh": {
      "version": "0.17.0",
      "resolved": "https://registry.npmjs.org/react-refresh/-/react-refresh-0.17.0.tgz",
      "integrity": "sha512-z6F7K9bV85EfseRCp2bzrpyQ0Gkw1uLoCel9XBVWPg/TjRj94SkJzUTGfOa4bs7iJvBWtQG0Wq7wnI0syw3EBQ==",
      "dev": true,
      "license": "MIT",
      "engines": {
        "node": ">=0.10.0"
      }
    },
    "node_modules/scheduler": {
      "version": "0.26.0",
      "resolved": "https://registry.npmjs.org/scheduler/-/scheduler-0.26.0.tgz",
      "integrity": "sha512-NlHwttCI/l5gCPR3D1nNXtWABUmBwvZpEQiD4IXSbIDq8BzLIK/7Ir5gTFSGZDUu37K5cMNp0hFtzO38sC7gWA==",
      "license": "MIT"
    },
    "node_modules/stackframe": {
      "version": "1.3.4",
      "resolved": "https://registry.npmjs.org/stackframe/-/stackframe-1.3.4.tgz",
      "integrity": "sha512-oeVtt7eWQS+Na6F//S4kJ2K2VbRlS9D43mAlMyVpVWovy9o+jfgH8O9agzANzaiLjclA0oYzUXEM4PurhSUChw==",
      "dev": true,
      "license": "MIT"
    },
    "node_modules/tslib": {
      "version": "2.8.1",
      "resolved": "https://registry.npmjs.org/tslib/-/tslib-2.8.1.tgz",
      "integrity": "sha512-oJFu94HQb+KVduSUQL7wnpmqnfmLsOA/nAh6b6EH0wCEoK0/mPeXU6c3wKDV83MkOuHPRHtSXKKU99IBazS/2w==",
      "dev": true,
      "license": "0BSD"
    },
    "node_modules/typescript": {
      "version": "5.8.3",
      "resolved": "https://registry.npmjs.org/typescript/-/typescript-5.8.3.tgz",
      "integrity": "sha512-p1diW6TqL9L07nNxvRMM7hMMw4c5XOo/1ibL4aAIGmSAt9slTE1Xgw5KWuof2uTOvCg9BY7ZRi+GaF+7sfgPeQ==",
      "dev": true,
      "license": "Apache-2.0",
      "bin": {
        "tsc": "bin/tsc",
        "tsserver": "bin/tsserver"
      },
      "engines": {
        "node": ">=14.17"
      }
    }
  }
}
